// !$*UTF8*$!
{
	archiveVersion = 1;
	classes = {
	};
	objectVersion = 46;
	objects = {

/* Begin PBXBuildFile section */
		A21AAA691C2F477100848F3E /* main.m in Sources */ = {isa = PBXBuildFile; fileRef = A21AAA681C2F477100848F3E /* main.m */; };
		A21AAA6C1C2F477100848F3E /* AppDelegate.m in Sources */ = {isa = PBXBuildFile; fileRef = A21AAA6B1C2F477100848F3E /* AppDelegate.m */; };
		A21AAA6F1C2F477100848F3E /* MasterViewController.m in Sources */ = {isa = PBXBuildFile; fileRef = A21AAA6E1C2F477100848F3E /* MasterViewController.m */; };
		A21AAA721C2F477100848F3E /* DetailViewController.m in Sources */ = {isa = PBXBuildFile; fileRef = A21AAA711C2F477100848F3E /* DetailViewController.m */; };
		A21AAA751C2F477100848F3E /* Main.storyboard in Resources */ = {isa = PBXBuildFile; fileRef = A21AAA731C2F477100848F3E /* Main.storyboard */; };
		A21AAA771C2F477100848F3E /* Assets.xcassets in Resources */ = {isa = PBXBuildFile; fileRef = A21AAA761C2F477100848F3E /* Assets.xcassets */; };
		A21AAA7A1C2F477100848F3E /* LaunchScreen.storyboard in Resources */ = {isa = PBXBuildFile; fileRef = A21AAA781C2F477100848F3E /* LaunchScreen.storyboard */; };
/* End PBXBuildFile section */

/* Begin PBXFileReference section */
		A21AAA641C2F477100848F3E /* BlogReader.app */ = {isa = PBXFileReference; explicitFileType = wrapper.application; includeInIndex = 0; path = BlogReader.app; sourceTree = BUILT_PRODUCTS_DIR; };
		A21AAA681C2F477100848F3E /* main.m */ = {isa = PBXFileReference; lastKnownFileType = sourcecode.c.objc; path = main.m; sourceTree = "<group>"; };
		A21AAA6A1C2F477100848F3E /* AppDelegate.h */ = {isa = PBXFileReference; lastKnownFileType = sourcecode.c.h; path = AppDelegate.h; sourceTree = "<group>"; };
		A21AAA6B1C2F477100848F3E /* AppDelegate.m */ = {isa = PBXFileReference; lastKnownFileType = sourcecode.c.objc; path = AppDelegate.m; sourceTree = "<group>"; };
		A21AAA6D1C2F477100848F3E /* MasterViewController.h */ = {isa = PBXFileReference; lastKnownFileType = sourcecode.c.h; path = MasterViewController.h; sourceTree = "<group>"; };
		A21AAA6E1C2F477100848F3E /* MasterViewController.m */ = {isa = PBXFileReference; lastKnownFileType = sourcecode.c.objc; path = MasterViewController.m; sourceTree = "<group>"; };
		A21AAA701C2F477100848F3E /* DetailViewController.h */ = {isa = PBXFileReference; lastKnownFileType = sourcecode.c.h; path = DetailViewController.h; sourceTree = "<group>"; };
		A21AAA711C2F477100848F3E /* DetailViewController.m */ = {isa = PBXFileReference; lastKnownFileType = sourcecode.c.objc; path = DetailViewController.m; sourceTree = "<group>"; };
		A21AAA741C2F477100848F3E /* Base */ = {isa = PBXFileReference; lastKnownFileType = file.storyboard; name = Base; path = Base.lproj/Main.storyboard; sourceTree = "<group>"; };
		A21AAA761C2F477100848F3E /* Assets.xcassets */ = {isa = PBXFileReference; lastKnownFileType = folder.assetcatalog; path = Assets.xcassets; sourceTree = "<group>"; };
		A21AAA791C2F477100848F3E /* Base */ = {isa = PBXFileReference; lastKnownFileType = file.storyboard; name = Base; path = Base.lproj/LaunchScreen.storyboard; sourceTree = "<group>"; };
		A21AAA7B1C2F477100848F3E /* Info.plist */ = {isa = PBXFileReference; lastKnownFileType = text.plist.xml; path = Info.plist; sourceTree = "<group>"; };
/* End PBXFileReference section */

/* Begin PBXFrameworksBuildPhase section */
		A21AAA611C2F477100848F3E /* Frameworks */ = {
			isa = PBXFrameworksBuildPhase;
			buildActionMask = 2147483647;
			files = (
			);
			runOnlyForDeploymentPostprocessing = 0;
		};
/* End PBXFrameworksBuildPhase section */

/* Begin PBXGroup section */
		A21AAA5B1C2F477100848F3E = {
			isa = PBXGroup;
			children = (
				A21AAA661C2F477100848F3E /* BlogReader */,
				A21AAA651C2F477100848F3E /* Products */,
			);
			sourceTree = "<group>";
		};
		A21AAA651C2F477100848F3E /* Products */ = {
			isa = PBXGroup;
			children = (
				A21AAA641C2F477100848F3E /* BlogReader.app */,
			);
			name = Products;
			sourceTree = "<group>";
		};
		A21AAA661C2F477100848F3E /* BlogReader */ = {
			isa = PBXGroup;
			children = (
				A21AAA6A1C2F477100848F3E /* AppDelegate.h */,
				A21AAA6B1C2F477100848F3E /* AppDelegate.m */,
				A21AAA6D1C2F477100848F3E /* MasterViewController.h */,
				A21AAA6E1C2F477100848F3E /* MasterViewController.m */,
				A21AAA701C2F477100848F3E /* DetailViewController.h */,
				A21AAA711C2F477100848F3E /* DetailViewController.m */,
				A21AAA731C2F477100848F3E /* Main.storyboard */,
				A21AAA761C2F477100848F3E /* Assets.xcassets */,
				A21AAA781C2F477100848F3E /* LaunchScreen.storyboard */,
				A21AAA7B1C2F477100848F3E /* Info.plist */,
				A21AAA671C2F477100848F3E /* Supporting Files */,
			);
			path = BlogReader;
			sourceTree = "<group>";
		};
		A21AAA671C2F477100848F3E /* Supporting Files */ = {
			isa = PBXGroup;
			children = (
				A21AAA681C2F477100848F3E /* main.m */,
			);
			name = "Supporting Files";
			sourceTree = "<group>";
		};
/* End PBXGroup section */

/* Begin PBXNativeTarget section */
		A21AAA631C2F477100848F3E /* BlogReader */ = {
			isa = PBXNativeTarget;
			buildConfigurationList = A21AAA7E1C2F477100848F3E /* Build configuration list for PBXNativeTarget "BlogReader" */;
			buildPhases = (
				A21AAA601C2F477100848F3E /* Sources */,
				A21AAA611C2F477100848F3E /* Frameworks */,
				A21AAA621C2F477100848F3E /* Resources */,
			);
			buildRules = (
			);
			dependencies = (
			);
			name = BlogReader;
			productName = BlogReader;
			productReference = A21AAA641C2F477100848F3E /* BlogReader.app */;
			productType = "com.apple.product-type.application";
		};
/* End PBXNativeTarget section */

/* Begin PBXProject section */
		A21AAA5C1C2F477100848F3E /* Project object */ = {
			isa = PBXProject;
			attributes = {
				LastUpgradeCheck = 0720;
				ORGANIZATIONNAME = LiaoWenwen;
				TargetAttributes = {
					A21AAA631C2F477100848F3E = {
						CreatedOnToolsVersion = 7.2;
					};
				};
			};
			buildConfigurationList = A21AAA5F1C2F477100848F3E /* Build configuration list for PBXProject "BlogReader" */;
			compatibilityVersion = "Xcode 3.2";
			developmentRegion = English;
			hasScannedForEncodings = 0;
			knownRegions = (
				en,
				Base,
			);
			mainGroup = A21AAA5B1C2F477100848F3E;
			productRefGroup = A21AAA651C2F477100848F3E /* Products */;
			projectDirPath = "";
			projectRoot = "";
			targets = (
				A21AAA631C2F477100848F3E /* BlogReader */,
			);
		};
/* End PBXProject section */

/* Begin PBXResourcesBuildPhase section */
		A21AAA621C2F477100848F3E /* Resources */ = {
			isa = PBXResourcesBuildPhase;
			buildActionMask = 2147483647;
			files = (
				A21AAA7A1C2F477100848F3E /* LaunchScreen.storyboard in Resources */,
				A21AAA771C2F477100848F3E /* Assets.xcassets in Resources */,
				A21AAA751C2F477100848F3E /* Main.storyboard in Resources */,
			);
			runOnlyForDeploymentPostprocessing = 0;
		};
/* End PBXResourcesBuildPhase section */

/* Begin PBXSourcesBuildPhase section */
		A21AAA601C2F477100848F3E /* Sources */ = {
			isa = PBXSourcesBuildPhase;
			buildActionMask = 2147483647;
			files = (
				A21AAA6C1C2F477100848F3E /* AppDelegate.m in Sources */,
				A21AAA6F1C2F477100848F3E /* MasterViewController.m in Sources */,
				A21AAA691C2F477100848F3E /* main.m in Sources */,
				A21AAA721C2F477100848F3E /* DetailViewController.m in Sources */,
			);
			runOnlyForDeploymentPostprocessing = 0;
		};
/* End PBXSourcesBuildPhase section */

/* Begin PBXVariantGroup section */
		A21AAA731C2F477100848F3E /* Main.storyboard */ = {
			isa = PBXVariantGroup;
			children = (
				A21AAA741C2F477100848F3E /* Base */,
			);
			name = Main.storyboard;
			sourceTree = "<group>";
		};
		A21AAA781C2F477100848F3E /* LaunchScreen.storyboard */ = {
			isa = PBXVariantGroup;
			children = (
				A21AAA791C2F477100848F3E /* Base */,
			);
			name = LaunchScreen.storyboard;
			sourceTree = "<group>";
		};
/* End PBXVariantGroup section */

/* Begin XCBuildConfiguration section */
		A21AAA7C1C2F477100848F3E /* Debug */ = {
			isa = XCBuildConfiguration;
			buildSettings = {
				ALWAYS_SEARCH_USER_PATHS = NO;
				CLANG_CXX_LANGUAGE_STANDARD = "gnu++0x";
				CLANG_CXX_LIBRARY = "libc++";
				CLANG_ENABLE_MODULES = YES;
				CLANG_ENABLE_OBJC_ARC = YES;
				CLANG_WARN_BOOL_CONVERSION = YES;
				CLANG_WARN_CONSTANT_CONVERSION = YES;
				CLANG_WARN_DIRECT_OBJC_ISA_USAGE = YES_ERROR;
				CLANG_WARN_EMPTY_BODY = YES;
				CLANG_WARN_ENUM_CONVERSION = YES;
				CLANG_WARN_INT_CONVERSION = YES;
				CLANG_WARN_OBJC_ROOT_CLASS = YES_ERROR;
				CLANG_WARN_UNREACHABLE_CODE = YES;
				CLANG_WARN__DUPLICATE_METHOD_MATCH = YES;
				"CODE_SIGN_IDENTITY[sdk=iphoneos*]" = "iPhone Developer";
				COPY_PHASE_STRIP = NO;
				DEBUG_INFORMATION_FORMAT = dwarf;
				ENABLE_STRICT_OBJC_MSGSEND = YES;
				ENABLE_TESTABILITY = YES;
				GCC_C_LANGUAGE_STANDARD = gnu99;
				GCC_DYNAMIC_NO_PIC = NO;
				GCC_NO_COMMON_BLOCKS = YES;
				GCC_OPTIMIZATION_LEVEL = 0;
				GCC_PREPROCESSOR_DEFINITIONS = (
					"DEBUG=1",
					"$(inherited)",
				);
				GCC_WARN_64_TO_32_BIT_CONVERSION = YES;
				GCC_WARN_ABOUT_RETURN_TYPE = YES_ERROR;
				GCC_WARN_UNDECLARED_SELECTOR = YES;
				GCC_WARN_UNINITIALIZED_AUTOS = YES_AGGRESSIVE;
				GCC_WARN_UNUSED_FUNCTION = YES;
				GCC_WARN_UNUSED_VARIABLE = YES;
				IPHONEOS_DEPLOYMENT_TARGET = 9.2;
				MTL_ENABLE_DEBUG_INFO = YES;
				ONLY_ACTIVE_ARCH = YES;
				SDKROOT = iphoneos;
			};
			name = Debug;
		};
		A21AAA7D1C2F477100848F3E /* Release */ = {
			isa = XCBuildConfiguration;
			buildSettings = {
				ALWAYS_SEARCH_USER_PATHS = NO;
				CLANG_CXX_LANGUAGE_STANDARD = "gnu++0x";
				CLANG_CXX_LIBRARY = "libc++";
				CLANG_ENABLE_MODULES = YES;
				CLANG_ENABLE_OBJC_ARC = YES;
				CLANG_WARN_BOOL_CONVERSION = YES;
				CLANG_WARN_CONSTANT_CONVERSION = YES;
				CLANG_WARN_DIRECT_OBJC_ISA_USAGE = YES_ERROR;
				CLANG_WARN_EMPTY_BODY = YES;
				CLANG_WARN_ENUM_CONVERSION = YES;
				CLANG_WARN_INT_CONVERSION = YES;
				CLANG_WARN_OBJC_ROOT_CLASS = YES_ERROR;
				CLANG_WARN_UNREACHABLE_CODE = YES;
				CLANG_WARN__DUPLICATE_METHOD_MATCH = YES;
				"CODE_SIGN_IDENTITY[sdk=iphoneos*]" = "iPhone Developer";
				COPY_PHASE_STRIP = NO;
				DEBUG_INFORMATION_FORMAT = "dwarf-with-dsym";
				ENABLE_NS_ASSERTIONS = NO;
				ENABLE_STRICT_OBJC_MSGSEND = YES;
				GCC_C_LANGUAGE_STANDARD = gnu99;
				GCC_NO_COMMON_BLOCKS = YES;
				GCC_WARN_64_TO_32_BIT_CONVERSION = YES;
				GCC_WARN_ABOUT_RETURN_TYPE = YES_ERROR;
				GCC_WARN_UNDECLARED_SELECTOR = YES;
				GCC_WARN_UNINITIALIZED_AUTOS = YES_AGGRESSIVE;
				GCC_WARN_UNUSED_FUNCTION = YES;
				GCC_WARN_UNUSED_VARIABLE = YES;
				IPHONEOS_DEPLOYMENT_TARGET = 9.2;
				MTL_ENABLE_DEBUG_INFO = NO;
				SDKROOT = iphoneos;
				VALIDATE_PRODUCT = YES;
			};
			name = Release;
		};
		A21AAA7F1C2F477100848F3E /* Debug */ = {
			isa = XCBuildConfiguration;
			buildSettings = {
				ASSETCATALOG_COMPILER_APPICON_NAME = AppIcon;
				INFOPLIST_FILE = BlogReader/Info.plist;
				LD_RUNPATH_SEARCH_PATHS = "$(inherited) @executable_path/Frameworks";
				PRODUCT_BUNDLE_IDENTIFIER = Com.wenwen.BlogReader;
				PRODUCT_NAME = "$(TARGET_NAME)";
			};
			name = Debug;
		};
		A21AAA801C2F477100848F3E /* Release */ = {
			isa = XCBuildConfiguration;
			buildSettings = {
				ASSETCATALOG_COMPILER_APPICON_NAME = AppIcon;
				INFOPLIST_FILE = BlogReader/Info.plist;
				LD_RUNPATH_SEARCH_PATHS = "$(inherited) @executable_path/Frameworks";
				PRODUCT_BUNDLE_IDENTIFIER = Com.wenwen.BlogReader;
				PRODUCT_NAME = "$(TARGET_NAME)";
			};
			name = Release;
		};
/* End XCBuildConfiguration section */

/* Begin XCConfigurationList section */
		A21AAA5F1C2F477100848F3E /* Build configuration list for PBXProject "BlogReader" */ = {
			isa = XCConfigurationList;
			buildConfigurations = (
				A21AAA7C1C2F477100848F3E /* Debug */,
				A21AAA7D1C2F477100848F3E /* Release */,
			);
			defaultConfigurationIsVisible = 0;
			defaultConfigurationName = Release;
		};
		A21AAA7E1C2F477100848F3E /* Build configuration list for PBXNativeTarget "BlogReader" */ = {
			isa = XCConfigurationList;
			buildConfigurations = (
				A21AAA7F1C2F477100848F3E /* Debug */,
				A21AAA801C2F477100848F3E /* Release */,
			);
			defaultConfigurationIsVisible = 0;
		};
/* End XCConfigurationList section */
	};
	rootObject = A21AAA5C1C2F477100848F3E /* Project object */;
}
